
Microsoft Visual Studio Solution File, Format Version 12.00
# Visual Studio Version 17
VisualStudioVersion = 17.7.34031.279
MinimumVisualStudioVersion = 10.0.40219.1
Project("{9A19103F-16F7-4668-BE54-9A1E7A4F7556}") = "RML.Module", "RML.Module\RML.Module.csproj", "{35D7EB9F-ACC9-4FB0-9460-A62C955C7F38}"
EndProject
Project("{9A19103F-16F7-4668-BE54-9A1E7A4F7556}") = "RML.Win", "RML.Win\RML.Win.csproj", "{9573ABB0-CEEE-448D-BEC7-FDC41E5BA35D}"
EndProject
Project("{9A19103F-16F7-4668-BE54-9A1E7A4F7556}") = "RML.ExtraModule", "RML.ExtraModule\RML.ExtraModule.csproj", "{48A5D29F-1BA5-41C9-B663-38ACB1CFEC49}"
EndProject
Global
	GlobalSection(SolutionConfigurationPlatforms) = preSolution
		Debug|Any CPU = Debug|Any CPU
		EasyTest|Any CPU = EasyTest|Any CPU
		Release|Any CPU = Release|Any CPU
	EndGlobalSection
	GlobalSection(ProjectConfigurationPlatforms) = postSolution
		{35D7EB9F-ACC9-4FB0-9460-A62C955C7F38}.Debug|Any CPU.ActiveCfg = Debug|Any CPU
		{35D7EB9F-ACC9-4FB0-9460-A62C955C7F38}.Debug|Any CPU.Build.0 = Debug|Any CPU
		{35D7EB9F-ACC9-4FB0-9460-A62C955C7F38}.EasyTest|Any CPU.ActiveCfg = EasyTest|Any CPU
		{35D7EB9F-ACC9-4FB0-9460-A62C955C7F38}.EasyTest|Any CPU.Build.0 = EasyTest|Any CPU
		{35D7EB9F-ACC9-4FB0-9460-A62C955C7F38}.Release|Any CPU.ActiveCfg = Release|Any CPU
		{35D7EB9F-ACC9-4FB0-9460-A62C955C7F38}.Release|Any CPU.Build.0 = Release|Any CPU
		{9573ABB0-CEEE-448D-BEC7-FDC41E5BA35D}.Debug|Any CPU.ActiveCfg = Debug|Any CPU
		{9573ABB0-CEEE-448D-BEC7-FDC41E5BA35D}.Debug|Any CPU.Build.0 = Debug|Any CPU
		{9573ABB0-CEEE-448D-BEC7-FDC41E5BA35D}.EasyTest|Any CPU.ActiveCfg = EasyTest|Any CPU
		{9573ABB0-CEEE-448D-BEC7-FDC41E5BA35D}.EasyTest|Any CPU.Build.0 = EasyTest|Any CPU
		{9573ABB0-CEEE-448D-BEC7-FDC41E5BA35D}.Release|Any CPU.ActiveCfg = Release|Any CPU
		{9573ABB0-CEEE-448D-BEC7-FDC41E5BA35D}.Release|Any CPU.Build.0 = Release|Any CPU
		{48A5D29F-1BA5-41C9-B663-38ACB1CFEC49}.Debug|Any CPU.ActiveCfg = Debug|Any CPU
		{48A5D29F-1BA5-41C9-B663-38ACB1CFEC49}.Debug|Any CPU.Build.0 = Debug|Any CPU
		{48A5D29F-1BA5-41C9-B663-38ACB1CFEC49}.EasyTest|Any CPU.ActiveCfg = EasyTest|Any CPU
		{48A5D29F-1BA5-41C9-B663-38ACB1CFEC49}.EasyTest|Any CPU.Build.0 = EasyTest|Any CPU
		{48A5D29F-1BA5-41C9-B663-38ACB1CFEC49}.Release|Any CPU.ActiveCfg = Release|Any CPU
		{48A5D29F-1BA5-41C9-B663-38ACB1CFEC49}.Release|Any CPU.Build.0 = Release|Any CPU
	EndGlobalSection
	GlobalSection(SolutionProperties) = preSolution
		HideSolutionNode = FALSE
	EndGlobalSection
	GlobalSection(ExtensibilityGlobals) = postSolution
		SolutionGuid = {AFC406CD-3F0D-4573-B7C7-937E19B7F9E4}
	EndGlobalSection
EndGlobal
